# Generated by conda-lock.
# platform: linux-64
# input_hash: 7035385083b1ee27d72762b3b315668678ee6f326c3e5a9e72c3d400163803b0
@EXPLICIT
https://conda.anaconda.org/conda-forge/linux-64/_libgcc_mutex-0.1-conda_forge.tar.bz2#d7c89558ba9fa0495403155b64376d81
https://conda.anaconda.org/conda-forge/linux-64/ca-certificates-2021.10.8-ha878542_0.tar.bz2#575611b8a84f45960e87722eeb51fa26
https://conda.anaconda.org/conda-forge/linux-64/ld_impl_linux-64-2.36.1-hea4e1c9_2.tar.bz2#bd4f2e711b39af170e7ff15163fe87ee
https://conda.anaconda.org/conda-forge/linux-64/libgfortran5-11.2.0-h5c6108e_13.tar.bz2#b62e87134ec17e1180cfcb3951624db4
https://conda.anaconda.org/conda-forge/linux-64/libstdcxx-ng-11.2.0-he4da1e4_13.tar.bz2#573a74710fad22a27da784cc238150b9
https://conda.anaconda.org/conda-forge/linux-64/libgfortran-ng-11.2.0-h69a702a_13.tar.bz2#a3a07a89af69d1eada078695b42e4961
https://conda.anaconda.org/conda-forge/linux-64/libgomp-11.2.0-h1d223b6_13.tar.bz2#8e91f1f21417c9ab1265240ee4f9db1e
https://conda.anaconda.org/conda-forge/linux-64/_openmp_mutex-4.5-1_gnu.tar.bz2#561e277319a41d4f24f5c05a9ef63c04
https://conda.anaconda.org/conda-forge/linux-64/libgcc-ng-11.2.0-h1d223b6_13.tar.bz2#63eaf0f146cc80abd84743d48d667da4
https://conda.anaconda.org/conda-forge/linux-64/bzip2-1.0.8-h7f98852_4.tar.bz2#a1fd65c7ccbf10880423d82bca54eb54
https://conda.anaconda.org/conda-forge/linux-64/c-ares-1.18.1-h7f98852_0.tar.bz2#f26ef8098fab1f719c91eb760d63381a
https://conda.anaconda.org/conda-forge/linux-64/expat-2.4.6-h27087fc_0.tar.bz2#90dec9e76bc164857cc200f81e981dab
https://conda.anaconda.org/conda-forge/linux-64/geos-3.10.2-h9c3ff4c_0.tar.bz2#fe9a66a351bfa7a84c3108304c7bcba5
https://conda.anaconda.org/conda-forge/linux-64/giflib-5.2.1-h36c2ea0_2.tar.bz2#626e68ae9cc5912d6adb79d318cf962d
https://conda.anaconda.org/conda-forge/linux-64/jbig-2.1-h7f98852_2003.tar.bz2#1aa0cee79792fa97b7ff4545110b60bf
https://conda.anaconda.org/conda-forge/linux-64/jpeg-9e-h7f98852_0.tar.bz2#5c214edc675a7fb7cbb34b1d854e5141
https://conda.anaconda.org/conda-forge/linux-64/keyutils-1.6.1-h166bdaf_0.tar.bz2#30186d27e2c9fa62b45fb1476b7200e3
https://conda.anaconda.org/conda-forge/linux-64/lerc-3.0-h9c3ff4c_0.tar.bz2#7fcefde484980d23f0ec24c11e314d2e
https://conda.anaconda.org/conda-forge/linux-64/libaec-1.0.6-h9c3ff4c_0.tar.bz2#c77f5e4e418fa47d699d6afa54c5d444
https://conda.anaconda.org/conda-forge/linux-64/libbrotlicommon-1.0.9-h7f98852_6.tar.bz2#b0f44f63f7d771d7670747a1dd5d5ac1
https://conda.anaconda.org/conda-forge/linux-64/libdeflate-1.10-h7f98852_0.tar.bz2#ffa3a757a97e851293909b49f49f28fb
https://conda.anaconda.org/conda-forge/linux-64/libev-4.33-h516909a_1.tar.bz2#6f8720dff19e17ce5d48cfe7f3d2f0a3
https://conda.anaconda.org/conda-forge/linux-64/libffi-3.4.2-h7f98852_5.tar.bz2#d645c6d2ac96843a2bfaccd2d62b3ac3
https://conda.anaconda.org/conda-forge/linux-64/libglu-9.0.0-he1b5a44_1001.tar.bz2#8208602aec4826053c116552369a394c
https://conda.anaconda.org/conda-forge/linux-64/libmo_unpack-3.1.2-hf484d3e_1001.tar.bz2#95f32a6a5a666d33886ca5627239f03d
https://conda.anaconda.org/conda-forge/linux-64/libnsl-2.0.0-h7f98852_0.tar.bz2#39b1328babf85c7c3a61636d9cd50206
https://conda.anaconda.org/conda-forge/linux-64/libopenblas-0.3.18-pthreads_h8fe5266_0.tar.bz2#41532e4448c0cce086d6570f95e4e12e
https://conda.anaconda.org/conda-forge/linux-64/libwebp-base-1.2.2-h7f98852_1.tar.bz2#46cf26ecc8775a0aab300ea1821aaa3c
https://conda.anaconda.org/conda-forge/linux-64/libzlib-1.2.11-h36c2ea0_1013.tar.bz2#dcddf696ff5dfcab567100d691678e18
https://conda.anaconda.org/conda-forge/linux-64/lz4-c-1.9.3-h9c3ff4c_1.tar.bz2#fbe97e8fa6f275d7c76a09e795adc3e6
https://conda.anaconda.org/conda-forge/linux-64/ncurses-6.3-h9c3ff4c_0.tar.bz2#fb31bcb7af058244479ca635d20f0f4a
https://conda.anaconda.org/conda-forge/linux-64/openssl-1.1.1l-h7f98852_0.tar.bz2#de7b38a1542dbe6f41653a8ae71adc53
https://conda.anaconda.org/conda-forge/linux-64/pthread-stubs-0.4-h36c2ea0_1001.tar.bz2#22dad4df6e8630e8dff2428f6f6a7036
https://conda.anaconda.org/conda-forge/linux-64/xorg-inputproto-2.3.2-h7f98852_1002.tar.bz2#bcd1b3396ec6960cbc1d2855a9e60b2b
https://conda.anaconda.org/conda-forge/linux-64/xorg-kbproto-1.0.7-h7f98852_1002.tar.bz2#4b230e8381279d76131116660f5a241a
https://conda.anaconda.org/conda-forge/linux-64/xorg-libxau-1.0.9-h7f98852_0.tar.bz2#bf6f803a544f26ebbdc3bfff272eb179
https://conda.anaconda.org/conda-forge/linux-64/xorg-libxdmcp-1.1.3-h7f98852_0.tar.bz2#be93aabceefa2fac576e971aef407908
https://conda.anaconda.org/conda-forge/linux-64/xorg-xextproto-7.3.0-h7f98852_1002.tar.bz2#1e15f6ad85a7d743a2ac68dae6c82b98
https://conda.anaconda.org/conda-forge/linux-64/xorg-xproto-7.0.31-h7f98852_1007.tar.bz2#b4a4381d54784606820704f7b5f05a15
https://conda.anaconda.org/conda-forge/linux-64/xxhash-0.8.0-h7f98852_3.tar.bz2#52402c791f35e414e704b7a113f99605
https://conda.anaconda.org/conda-forge/linux-64/xz-5.2.5-h516909a_1.tar.bz2#33f601066901f3e1a85af3522a8113f9
https://conda.anaconda.org/conda-forge/linux-64/yaml-0.2.5-h7f98852_2.tar.bz2#4cb3ad778ec2d5a7acbdf254eb1c42ae
https://conda.anaconda.org/conda-forge/linux-64/libblas-3.9.0-13_linux64_openblas.tar.bz2#8a4038563ed92dfa622bd72c0d8f31d3
https://conda.anaconda.org/conda-forge/linux-64/libbrotlidec-1.0.9-h7f98852_6.tar.bz2#c7c03a2592cac92246a13a0732bd1573
https://conda.anaconda.org/conda-forge/linux-64/libbrotlienc-1.0.9-h7f98852_6.tar.bz2#28bfe0a70154e6881da7bae97517c948
https://conda.anaconda.org/conda-forge/linux-64/libedit-3.1.20191231-he28a2e2_2.tar.bz2#4d331e44109e3f0e19b4cb8f9b82f3e1
https://conda.anaconda.org/conda-forge/linux-64/libxcb-1.13-h7f98852_1004.tar.bz2#b3653fdc58d03face9724f602218a904
https://conda.anaconda.org/conda-forge/linux-64/readline-8.1-h46c0cb4_0.tar.bz2#5788de3c8d7a7d64ac56c784c4ef48e6
https://conda.anaconda.org/conda-forge/linux-64/tk-8.6.12-h27826a3_0.tar.bz2#5b8c42eb62e9fc961af70bdd6a26e168
https://conda.anaconda.org/conda-forge/linux-64/udunits2-2.2.28-hc3e0081_0.tar.bz2#d4c341e0379c31e9e781d4f204726867
https://conda.anaconda.org/conda-forge/linux-64/xorg-fixesproto-5.0-h7f98852_1002.tar.bz2#65ad6e1eb4aed2b0611855aff05e04f6
https://conda.anaconda.org/conda-forge/linux-64/zlib-1.2.11-h36c2ea0_1013.tar.bz2#cf7190238072a41e9579e4476a6a60b8
https://conda.anaconda.org/conda-forge/linux-64/zstd-1.5.2-ha95c52a_0.tar.bz2#5222b231b1ef49a7f60d40b363469b70
https://conda.anaconda.org/conda-forge/linux-64/brotli-bin-1.0.9-h7f98852_6.tar.bz2#9e94bf16f14c78a36561d5019f490d22
https://conda.anaconda.org/conda-forge/linux-64/hdf4-4.2.15-h10796ff_3.tar.bz2#21a8d66dc17f065023b33145c42652fe
https://conda.anaconda.org/conda-forge/linux-64/krb5-1.19.2-h3790be6_4.tar.bz2#dbbd32092ee31aab0f2d213e8f9f1b40
https://conda.anaconda.org/conda-forge/linux-64/libcblas-3.9.0-13_linux64_openblas.tar.bz2#b17676dbd6688396c3a3076259fb7907
https://conda.anaconda.org/conda-forge/linux-64/liblapack-3.9.0-13_linux64_openblas.tar.bz2#018b80e8f21d8560ae4961567e3e00c9
https://conda.anaconda.org/conda-forge/linux-64/libnghttp2-1.47.0-h727a467_0.tar.bz2#a22567abfea169ff8048506b1ca9b230
https://conda.anaconda.org/conda-forge/linux-64/libpng-1.6.37-h21135ba_2.tar.bz2#b6acf807307d033d4b7e758b4f44b036
https://conda.anaconda.org/conda-forge/linux-64/libssh2-1.10.0-ha56f1ee_2.tar.bz2#6ab4eaa11ff01801cffca0a27489dc04
https://conda.anaconda.org/conda-forge/linux-64/libtiff-4.3.0-h542a066_3.tar.bz2#1a0efb4dfd880b0376da8e1ba39fa838
https://conda.anaconda.org/conda-forge/linux-64/libzip-1.8.0-h4de3113_1.tar.bz2#175a746a43d42c053b91aa765fbc197d
https://conda.anaconda.org/conda-forge/linux-64/sqlite-3.37.0-h9cd32fc_0.tar.bz2#eb66fc098824d25518a79e83d12a81d6
https://conda.anaconda.org/conda-forge/linux-64/xorg-libx11-1.7.2-h7f98852_0.tar.bz2#12a61e640b8894504326aadafccbb790
https://conda.anaconda.org/conda-forge/linux-64/brotli-1.0.9-h7f98852_6.tar.bz2#612385c4a83edb0619fe911d9da317f4
https://conda.anaconda.org/conda-forge/linux-64/freetype-2.10.4-h0708190_1.tar.bz2#4a06f2ac2e5bfae7b6b245171c3f07aa
https://conda.anaconda.org/conda-forge/linux-64/lcms2-2.12-hddcbb42_0.tar.bz2#797117394a4aa588de6d741b06fad80f
https://conda.anaconda.org/conda-forge/linux-64/libcurl-7.81.0-h2574ce0_0.tar.bz2#1f8655741d0269ca6756f131522da1e8
https://conda.anaconda.org/conda-forge/linux-64/libwebp-1.2.2-h3452ae3_0.tar.bz2#c363665b4aabe56aae4f8981cff5b153
https://conda.anaconda.org/conda-forge/linux-64/openjpeg-2.4.0-hb52868f_1.tar.bz2#b7ad78ad2e9ee155f59e6428406ee824
https://conda.anaconda.org/conda-forge/linux-64/python-3.8.12-ha38a3c6_3_cpython.tar.bz2#bed445cebcd8f97dce76dc06201928ee
https://conda.anaconda.org/conda-forge/linux-64/xorg-libxext-1.3.4-h7f98852_1.tar.bz2#536cc5db4d0a3ba0630541aec064b5e4
https://conda.anaconda.org/conda-forge/linux-64/xorg-libxfixes-5.0.3-h7f98852_1004.tar.bz2#e9a21aa4d5e3e5f1aed71e8cefd46b6a
https://conda.anaconda.org/conda-forge/noarch/attrs-21.4.0-pyhd8ed1ab_0.tar.bz2#f70280205d7044c8b8358c8de3190e5d
https://conda.anaconda.org/conda-forge/noarch/charset-normalizer-2.0.12-pyhd8ed1ab_0.tar.bz2#1f5b32dabae0f1893ae3283dac7f799e
https://conda.anaconda.org/conda-forge/noarch/cloudpickle-2.0.0-pyhd8ed1ab_0.tar.bz2#3a8fc8b627d5fb6af827e126a10a86c6
https://conda.anaconda.org/conda-forge/linux-64/curl-7.81.0-h2574ce0_0.tar.bz2#3a95d393b490f82aa406f1892fad84d9
https://conda.anaconda.org/conda-forge/noarch/cycler-0.11.0-pyhd8ed1ab_0.tar.bz2#a50559fad0affdbb33729a68669ca1cb
https://conda.anaconda.org/conda-forge/noarch/filelock-3.6.0-pyhd8ed1ab_0.tar.bz2#6e03ca6c7b47a4152a2b12c6eee3bd32
https://conda.anaconda.org/conda-forge/noarch/findlibs-0.0.2-pyhd8ed1ab_0.tar.bz2#c2a60dd9f1210b8ee2037f7d0ec6251a
https://conda.anaconda.org/conda-forge/noarch/fsspec-2022.2.0-pyhd8ed1ab_0.tar.bz2#f31e31092035d427b05233ab924c7613
https://conda.anaconda.org/conda-forge/linux-64/hdf5-1.12.1-nompi_h2750804_103.tar.bz2#179ea2c7aef126da2fba68648161b956
https://conda.anaconda.org/conda-forge/noarch/idna-3.3-pyhd8ed1ab_0.tar.bz2#40b50b8b030f5f2f22085c062ed013dd
https://conda.anaconda.org/conda-forge/noarch/locket-0.2.0-py_2.tar.bz2#709e8671651c7ec3d1ad07800339ff1d
https://conda.anaconda.org/conda-forge/noarch/munkres-1.1.4-pyh9f0ad1d_0.tar.bz2#2ba8498c1018c1e9c61eb99b973dfe19
https://conda.anaconda.org/conda-forge/noarch/nose-1.3.7-py_1006.tar.bz2#382019d5f8e9362ef6f60a8d4e7bce8f
https://conda.anaconda.org/conda-forge/noarch/pep8-1.7.1-py_0.tar.bz2#d0b5bc3aebbffcb175bf8a1d419acb79
https://conda.anaconda.org/conda-forge/linux-64/proj-8.2.1-h277dcde_0.tar.bz2#f2ceb1be6565c35e2db0ac948754751d
https://conda.anaconda.org/conda-forge/noarch/pycparser-2.21-pyhd8ed1ab_0.tar.bz2#076becd9e05608f8dc72757d5f3a91ff
https://conda.anaconda.org/conda-forge/noarch/pyparsing-3.0.7-pyhd8ed1ab_0.tar.bz2#727e2216d9c47455d8ddc060eb2caad9
https://conda.anaconda.org/conda-forge/noarch/pyshp-2.2.0-pyhd8ed1ab_0.tar.bz2#2aa546be05be34b8e1744afd327b623f
https://conda.anaconda.org/conda-forge/linux-64/python_abi-3.8-2_cp38.tar.bz2#bfbb29d517281e78ac53e48d21e6e860
https://conda.anaconda.org/conda-forge/noarch/six-1.16.0-pyh6c4a22f_0.tar.bz2#e5f25f8dbc060e9a8d912e432202afc2
https://conda.anaconda.org/conda-forge/noarch/toolz-0.11.2-pyhd8ed1ab_0.tar.bz2#f348d1590550371edfac5ed3c1d44f7e
https://conda.anaconda.org/conda-forge/noarch/wheel-0.37.1-pyhd8ed1ab_0.tar.bz2#1ca02aaf78d9c70d9a81a3bed5752022
https://conda.anaconda.org/conda-forge/linux-64/xorg-libxi-1.7.10-h7f98852_0.tar.bz2#e77615e5141cad5a2acaa043d1cf0ca5
https://conda.anaconda.org/conda-forge/linux-64/antlr-python-runtime-4.7.2-py38h578d9bd_1003.tar.bz2#db8b471d9a764f561a129f94ea215c0a
https://conda.anaconda.org/conda-forge/linux-64/certifi-2021.10.8-py38h578d9bd_1.tar.bz2#52a6cee65a5d10ed1c3f0af24fb48dd3
https://conda.anaconda.org/conda-forge/linux-64/cffi-1.15.0-py38h3931269_0.tar.bz2#9c491a90ae11d08ca97326a0ed876f3a
https://conda.anaconda.org/conda-forge/linux-64/freeglut-3.2.2-h9c3ff4c_1.tar.bz2#1192066d1296de9b492175a4cf43fe8a
https://conda.anaconda.org/conda-forge/linux-64/kiwisolver-1.3.2-py38h1fd1430_1.tar.bz2#085365abfe53d5d13bb68b1dda0b439e
https://conda.anaconda.org/conda-forge/linux-64/libnetcdf-4.8.1-nompi_hb3fd0d9_101.tar.bz2#f51a2170153d740fd9324534e71cd8a0
https://conda.anaconda.org/conda-forge/linux-64/markupsafe-2.1.0-py38h0a891b7_0.tar.bz2#54382bec2d0d36559d9797726b926e67
https://conda.anaconda.org/conda-forge/linux-64/mock-4.0.3-py38h578d9bd_2.tar.bz2#216a7cebe9c35fcb8bcbe3ed5b315ae1
https://conda.anaconda.org/conda-forge/linux-64/numpy-1.22.2-py38h6ae9a64_0.tar.bz2#065a900932f904e0182acfcfadc467e3
https://conda.anaconda.org/conda-forge/noarch/packaging-21.3-pyhd8ed1ab_0.tar.bz2#71f1ab2de48613876becddd496371c85
https://conda.anaconda.org/conda-forge/noarch/partd-1.2.0-pyhd8ed1ab_0.tar.bz2#0c32f563d7f22e3a34c95cad8cc95651
https://conda.anaconda.org/conda-forge/linux-64/pillow-9.0.1-py38h0ee0e06_2.tar.bz2#3aa55d569eaf224b3a18d9b6223a526d
https://conda.anaconda.org/conda-forge/linux-64/pysocks-1.7.1-py38h578d9bd_4.tar.bz2#9c4bbee6f682f2fc7d7803df3996e77e
https://conda.anaconda.org/conda-forge/noarch/python-dateutil-2.8.2-pyhd8ed1ab_0.tar.bz2#dd999d1cc9f79e67dbb855c8924c7984
https://conda.anaconda.org/conda-forge/linux-64/python-xxhash-3.0.0-py38h0a891b7_0.tar.bz2#12eaa8cbfedfbf7879e5653467b03c94
https://conda.anaconda.org/conda-forge/linux-64/pyyaml-6.0-py38h497a2fe_3.tar.bz2#131de7d638aa59fb8afbce59f1a8aa98
https://conda.anaconda.org/conda-forge/linux-64/setuptools-60.9.3-py38h578d9bd_0.tar.bz2#864b832ea94d9c0b37ddfbbb8adb42f1
https://conda.anaconda.org/conda-forge/linux-64/unicodedata2-14.0.0-py38h497a2fe_0.tar.bz2#8da7787169411910df2a62dc8ef533e0
https://conda.anaconda.org/conda-forge/linux-64/brotlipy-0.7.0-py38h497a2fe_1003.tar.bz2#9189b42c42b9c87b2b2068cbe31901a8
https://conda.anaconda.org/conda-forge/linux-64/cftime-1.6.0-py38h3ec907f_0.tar.bz2#35411e5fc8dd523f9e68316847e6a25b
https://conda.anaconda.org/conda-forge/linux-64/cryptography-36.0.1-py38h3e25421_0.tar.bz2#acc14d0d71dbf74f6a15f2456951b6cf
https://conda.anaconda.org/conda-forge/noarch/dask-core-2022.2.1-pyhd8ed1ab_0.tar.bz2#0cb751f07e68fda1d631a02faa66f0de
https://conda.anaconda.org/conda-forge/linux-64/fonttools-4.29.1-py38h497a2fe_0.tar.bz2#121e02be214af4980911bb2cbd5b2742
https://conda.anaconda.org/conda-forge/linux-64/jasper-2.0.33-ha77e612_0.tar.bz2#054883e8ea7142e89bcbec08b5d401ea
https://conda.anaconda.org/conda-forge/noarch/jinja2-3.0.3-pyhd8ed1ab_0.tar.bz2#036d872c653780cb26e797e2e2f61b4c
https://conda.anaconda.org/conda-forge/linux-64/mo_pack-0.2.0-py38h6c62de6_1006.tar.bz2#829b1209dfadd431a11048d6eeaf5bef
https://conda.anaconda.org/conda-forge/noarch/pip-22.0.3-pyhd8ed1ab_0.tar.bz2#45dedae69a0ea21cb8566d04b2ca5536
https://conda.anaconda.org/conda-forge/linux-64/pyproj-3.3.0-py38h5383654_1.tar.bz2#5b600e019fa7c33be73bdb626236936b
https://conda.anaconda.org/conda-forge/linux-64/scipy-1.8.0-py38h56a6a73_1.tar.bz2#86073932d9e675c5929376f6f8b79b97
https://conda.anaconda.org/conda-forge/linux-64/shapely-1.8.0-py38h596eeab_5.tar.bz2#ec3b783081e14a9dc0eb5ce609649728
https://conda.anaconda.org/conda-forge/linux-64/cf-units-3.0.1-py38h6c62de6_2.tar.bz2#350322b046c129e5802b79358a1343f7
https://conda.anaconda.org/conda-forge/linux-64/eccodes-2.24.2-h11d1a29_0.tar.bz2#943ee346bb9c6f5086bae05442121c3f
https://conda.anaconda.org/conda-forge/linux-64/matplotlib-base-3.5.1-py38hf4fb855_0.tar.bz2#47cf0cab2ae368e1062e75cfbc4277af
https://conda.anaconda.org/conda-forge/linux-64/netcdf4-1.5.8-nompi_py38h2823cc8_101.tar.bz2#1dfe1cdee4532c72f893955259eb3de9
https://conda.anaconda.org/conda-forge/noarch/pyopenssl-22.0.0-pyhd8ed1ab_0.tar.bz2#1d7e241dfaf5475e893d4b824bb71b44
https://conda.anaconda.org/conda-forge/linux-64/cartopy-0.20.2-py38ha217159_3.tar.bz2#d7461e191f7a0522e4709612786bdf4e
https://conda.anaconda.org/conda-forge/linux-64/python-eccodes-1.4.0-py38h6c62de6_0.tar.bz2#99a827766a8c3a68f1a51dd51b388aef
https://conda.anaconda.org/conda-forge/noarch/urllib3-1.26.8-pyhd8ed1ab_1.tar.bz2#53f1387c68c21cecb386e2cde51b3f7c
https://conda.anaconda.org/conda-forge/noarch/iris-3.2.0.post0-pyhd8ed1ab_0.tar.bz2#80f5a40bea1c67acded6d3d6301e81a3
https://conda.anaconda.org/conda-forge/noarch/requests-2.27.1-pyhd8ed1ab_0.tar.bz2#7c1c427246b057b8fa97200ecdb2ed62
