# Generated by conda-lock.
# platform: linux-64
# input_hash: 7ba8dd0ea14f6731b227a9f412cf87a9038d72cc8ce6b75cfe3c6f1d6b2e94f7
@EXPLICIT
https://conda.anaconda.org/conda-forge/linux-64/_libgcc_mutex-0.1-conda_forge.tar.bz2#d7c89558ba9fa0495403155b64376d81
https://conda.anaconda.org/conda-forge/linux-64/ca-certificates-2023.7.22-hbcca054_0.conda#a73ecd2988327ad4c8f2c331482917f2
https://conda.anaconda.org/conda-forge/linux-64/ld_impl_linux-64-2.40-h41732ed_0.conda#7aca3059a1729aa76c597603f10b0dd3
https://conda.anaconda.org/conda-forge/linux-64/libgfortran5-13.1.0-h15d22d2_0.conda#afb656a334c409dd9805508af1c89c7a
https://conda.anaconda.org/conda-forge/linux-64/libstdcxx-ng-13.1.0-hfd8a6a1_0.conda#067bcc23164642f4c226da631f2a2e1d
https://conda.anaconda.org/conda-forge/linux-64/python_abi-3.11-3_cp311.conda#c2e2630ddb68cf52eec74dc7dfab20b5
https://conda.anaconda.org/conda-forge/noarch/tzdata-2023c-h71feb2d_0.conda#939e3e74d8be4dac89ce83b20de2492a
https://conda.anaconda.org/conda-forge/linux-64/libgfortran-ng-13.1.0-h69a702a_0.conda#506dc07710dd5b0ba63cbf134897fc10
https://conda.anaconda.org/conda-forge/linux-64/libgomp-13.1.0-he5830b7_0.conda#56ca14d57ac29a75d23a39eb3ee0ddeb
https://conda.anaconda.org/conda-forge/linux-64/_openmp_mutex-4.5-2_gnu.tar.bz2#73aaf86a425cc6e73fcf236a5a46396d
https://conda.anaconda.org/conda-forge/linux-64/libgcc-ng-13.1.0-he5830b7_0.conda#cd93f779ff018dd85c7544c015c9db3c
https://conda.anaconda.org/conda-forge/linux-64/aws-c-common-0.8.23-hd590300_0.conda#cc4f06f7eedb1523f3b83fd0fb3942ff
https://conda.anaconda.org/conda-forge/linux-64/bzip2-1.0.8-h7f98852_4.tar.bz2#a1fd65c7ccbf10880423d82bca54eb54
https://conda.anaconda.org/conda-forge/linux-64/c-ares-1.19.1-hd590300_0.conda#e8c18d865be43e2fb3f7a145b6adf1f5
https://conda.anaconda.org/conda-forge/linux-64/geos-3.11.2-hcb278e6_0.conda#3b8e364995e3575e57960d29c1e5ab14
https://conda.anaconda.org/conda-forge/linux-64/icu-72.1-hcb278e6_0.conda#7c8d20d847bb45f56bd941578fcfa146
https://conda.anaconda.org/conda-forge/linux-64/keyutils-1.6.1-h166bdaf_0.tar.bz2#30186d27e2c9fa62b45fb1476b7200e3
https://conda.anaconda.org/conda-forge/linux-64/lerc-4.0.0-h27087fc_0.tar.bz2#76bbff344f0134279f225174e9064c8f
https://conda.anaconda.org/conda-forge/linux-64/libaec-1.0.6-hcb278e6_1.conda#0f683578378cddb223e7fd24f785ab2a
https://conda.anaconda.org/conda-forge/linux-64/libbrotlicommon-1.0.9-h166bdaf_9.conda#61641e239f96eae2b8492dc7e755828c
https://conda.anaconda.org/conda-forge/linux-64/libdeflate-1.18-h0b41bf4_0.conda#6aa9c9de5542ecb07fdda9ca626252d8
https://conda.anaconda.org/conda-forge/linux-64/libev-4.33-h516909a_1.tar.bz2#6f8720dff19e17ce5d48cfe7f3d2f0a3
https://conda.anaconda.org/conda-forge/linux-64/libexpat-2.5.0-hcb278e6_1.conda#6305a3dd2752c76335295da4e581f2fd
https://conda.anaconda.org/conda-forge/linux-64/libffi-3.4.2-h7f98852_5.tar.bz2#d645c6d2ac96843a2bfaccd2d62b3ac3
https://conda.anaconda.org/conda-forge/linux-64/libiconv-1.17-h166bdaf_0.tar.bz2#b62b52da46c39ee2bc3c162ac7f1804d
https://conda.anaconda.org/conda-forge/linux-64/libjpeg-turbo-2.1.5.1-h0b41bf4_0.conda#1edd9e67bdb90d78cea97733ff6b54e6
https://conda.anaconda.org/conda-forge/linux-64/libmo_unpack-3.1.2-hf484d3e_1001.tar.bz2#95f32a6a5a666d33886ca5627239f03d
https://conda.anaconda.org/conda-forge/linux-64/libnsl-2.0.0-h7f98852_0.tar.bz2#39b1328babf85c7c3a61636d9cd50206
https://conda.anaconda.org/conda-forge/linux-64/libopenblas-0.3.23-pthreads_h80387f5_0.conda#9c5ea51ccb8ffae7d06c645869d24ce6
https://conda.anaconda.org/conda-forge/linux-64/libuuid-2.38.1-h0b41bf4_0.conda#40b61aab5c7ba9ff276c41cfffe6b80b
https://conda.anaconda.org/conda-forge/linux-64/libwebp-base-1.3.1-hd590300_0.conda#82bf6f63eb15ef719b556b63feec3a77
https://conda.anaconda.org/conda-forge/linux-64/libzlib-1.2.13-hd590300_5.conda#f36c115f1ee199da648e0597ec2047ad
https://conda.anaconda.org/conda-forge/linux-64/lz4-c-1.9.4-hcb278e6_0.conda#318b08df404f9c9be5712aaa5a6f0bb0
https://conda.anaconda.org/conda-forge/linux-64/ncurses-6.4-hcb278e6_0.conda#681105bccc2a3f7f1a837d47d39c9179
https://conda.anaconda.org/conda-forge/linux-64/openssl-3.1.1-hd590300_1.conda#2e1d7b458ac8f1e3ca4e18b77add6277
https://conda.anaconda.org/conda-forge/linux-64/pthread-stubs-0.4-h36c2ea0_1001.tar.bz2#22dad4df6e8630e8dff2428f6f6a7036
https://conda.anaconda.org/conda-forge/linux-64/snappy-1.1.10-h9fff704_0.conda#e6d228cd0bb74a51dd18f5bfce0b4115
https://conda.anaconda.org/conda-forge/linux-64/xorg-inputproto-2.3.2-h7f98852_1002.tar.bz2#bcd1b3396ec6960cbc1d2855a9e60b2b
https://conda.anaconda.org/conda-forge/linux-64/xorg-kbproto-1.0.7-h7f98852_1002.tar.bz2#4b230e8381279d76131116660f5a241a
https://conda.anaconda.org/conda-forge/linux-64/xorg-libxau-1.0.11-hd590300_0.conda#2c80dc38fface310c9bd81b17037fee5
https://conda.anaconda.org/conda-forge/linux-64/xorg-libxdmcp-1.1.3-h7f98852_0.tar.bz2#be93aabceefa2fac576e971aef407908
https://conda.anaconda.org/conda-forge/linux-64/xorg-xextproto-7.3.0-h0b41bf4_1003.conda#bce9f945da8ad2ae9b1d7165a64d0f87
https://conda.anaconda.org/conda-forge/linux-64/xorg-xproto-7.0.31-h7f98852_1007.tar.bz2#b4a4381d54784606820704f7b5f05a15
https://conda.anaconda.org/conda-forge/linux-64/xxhash-0.8.1-h0b41bf4_0.conda#e9c3bcf0e0c719431abec8ca447eee27
https://conda.anaconda.org/conda-forge/linux-64/xz-5.2.6-h166bdaf_0.tar.bz2#2161070d867d1b1204ea749c8eec4ef0
https://conda.anaconda.org/conda-forge/linux-64/yaml-0.2.5-h7f98852_2.tar.bz2#4cb3ad778ec2d5a7acbdf254eb1c42ae
https://conda.anaconda.org/conda-forge/linux-64/aws-c-cal-0.6.0-h93469e0_0.conda#580a52a05f5be28ce00764149017c6d4
https://conda.anaconda.org/conda-forge/linux-64/aws-c-compression-0.2.17-h862ab75_1.conda#0013fcee7acb3cfc801c5929824feb3c
https://conda.anaconda.org/conda-forge/linux-64/aws-c-sdkutils-0.1.11-h862ab75_1.conda#6fbc9bd49434eb36d3a59c5020f4af95
https://conda.anaconda.org/conda-forge/linux-64/aws-checksums-0.1.16-h862ab75_1.conda#f883d61afbc95c50f7b3f62546da4235
https://conda.anaconda.org/conda-forge/linux-64/expat-2.5.0-hcb278e6_1.conda#8b9b5aca60558d02ddaa09d599e55920
https://conda.anaconda.org/conda-forge/linux-64/hdf4-4.2.15-h501b40f_6.conda#c3e9338e15d90106f467377017352b97
https://conda.anaconda.org/conda-forge/linux-64/libblas-3.9.0-17_linux64_openblas.conda#57fb44770b1bc832fb2dbefa1bd502de
https://conda.anaconda.org/conda-forge/linux-64/libbrotlidec-1.0.9-h166bdaf_9.conda#081aa22f4581c08e4372b0b6c2f8478e
https://conda.anaconda.org/conda-forge/linux-64/libbrotlienc-1.0.9-h166bdaf_9.conda#1f0a03af852a9659ed2bf08f2f1704fd
https://conda.anaconda.org/conda-forge/linux-64/libedit-3.1.20191231-he28a2e2_2.tar.bz2#4d331e44109e3f0e19b4cb8f9b82f3e1
https://conda.anaconda.org/conda-forge/linux-64/libnghttp2-1.52.0-h61bc06f_0.conda#613955a50485812985c059e7b269f42e
https://conda.anaconda.org/conda-forge/linux-64/libpng-1.6.39-h753d276_0.conda#e1c890aebdebbfbf87e2c917187b4416
https://conda.anaconda.org/conda-forge/linux-64/libsqlite-3.42.0-h2797004_0.conda#fdaae20a1cf7cd62130a0973190a31b7
https://conda.anaconda.org/conda-forge/linux-64/libssh2-1.11.0-h0841786_0.conda#1f5a58e686b13bcfde88b93f547d23fe
https://conda.anaconda.org/conda-forge/linux-64/libxcb-1.15-h0b41bf4_0.conda#33277193f5b92bad9fdd230eb700929c
https://conda.anaconda.org/conda-forge/linux-64/libxml2-2.11.4-h0d562d8_0.conda#e46fad17d5fb57316b956f88dca765e4
https://conda.anaconda.org/conda-forge/linux-64/libzip-1.9.2-hc929e4a_1.tar.bz2#5b122b50e738c4be5c3f2899f010d7cf
https://conda.anaconda.org/conda-forge/linux-64/readline-8.2-h8228510_1.conda#47d31b792659ce70f470b5c82fdfb7a4
https://conda.anaconda.org/conda-forge/linux-64/s2n-1.3.46-h06160fa_0.conda#413d96a0b655c8f8aacc36473a2dbb04
https://conda.anaconda.org/conda-forge/linux-64/tk-8.6.12-h27826a3_0.tar.bz2#5b8c42eb62e9fc961af70bdd6a26e168
https://conda.anaconda.org/conda-forge/linux-64/xorg-fixesproto-5.0-h7f98852_1002.tar.bz2#65ad6e1eb4aed2b0611855aff05e04f6
https://conda.anaconda.org/conda-forge/linux-64/zstd-1.5.2-hfc55251_7.conda#32ae18eb2a687912fc9e92a501c0a11b
https://conda.anaconda.org/conda-forge/linux-64/aws-c-io-0.13.28-h3870b5a_0.conda#b775667301ab249f94ad2bea91fc4223
https://conda.anaconda.org/conda-forge/linux-64/blosc-1.21.4-h0f2a231_0.conda#876286b5941933a0f558777e57d883cc
https://conda.anaconda.org/conda-forge/linux-64/brotli-bin-1.0.9-h166bdaf_9.conda#d47dee1856d9cb955b8076eeff304a5b
https://conda.anaconda.org/conda-forge/linux-64/freetype-2.12.1-hca18f0e_1.conda#e1232042de76d24539a436d37597eb06
https://conda.anaconda.org/conda-forge/linux-64/krb5-1.21.1-h659d440_0.conda#1b5126ec25763eb17ef74c8763d26e84
https://conda.anaconda.org/conda-forge/linux-64/libcblas-3.9.0-17_linux64_openblas.conda#7ef0969b00fe3d6eef56a8151d3afb29
https://conda.anaconda.org/conda-forge/linux-64/libglu-9.0.0-hac7e632_1002.conda#4c4dce87e96b321308f81ba2c10d2897
https://conda.anaconda.org/conda-forge/linux-64/liblapack-3.9.0-17_linux64_openblas.conda#a2103882c46492e26500fcb56c03de8b
https://conda.anaconda.org/conda-forge/linux-64/libtiff-4.5.1-h8b53f26_0.conda#8ad377fb60abab446a9f02c62b3c2190
https://conda.anaconda.org/conda-forge/linux-64/python-3.11.4-hab00c5b_0_cpython.conda#1c628861a2a126b9fc9363ca1b7d014e
https://conda.anaconda.org/conda-forge/linux-64/sqlite-3.42.0-h2c6b66d_0.conda#1192f6ec654a5bc4ee1d64bdc4a3e5cc
https://conda.anaconda.org/conda-forge/linux-64/udunits2-2.2.28-hc3e0081_0.tar.bz2#d4c341e0379c31e9e781d4f204726867
https://conda.anaconda.org/conda-forge/linux-64/xorg-libx11-1.8.6-h8ee46fc_0.conda#7590b76c3d11d21caa44f3fc38ac584a
https://conda.anaconda.org/conda-forge/linux-64/antlr-python-runtime-4.7.2-py311h38be061_1003.tar.bz2#0ab8f8f0cae99343907fe68cda11baea
https://conda.anaconda.org/conda-forge/noarch/attrs-23.1.0-pyh71513ae_1.conda#3edfead7cedd1ab4400a6c588f3e75f8
https://conda.anaconda.org/conda-forge/linux-64/aws-c-event-stream-0.3.1-h9599702_1.conda#a8820ce2dbe6f7d54f6540d9a3a0028a
https://conda.anaconda.org/conda-forge/linux-64/aws-c-http-0.7.11-hbe98c3e_0.conda#067641478d8f706b80a5a434a22b82be
https://conda.anaconda.org/conda-forge/linux-64/brotli-1.0.9-h166bdaf_9.conda#4601544b4982ba1861fa9b9c607b2c06
https://conda.anaconda.org/conda-forge/linux-64/brotli-python-1.0.9-py311ha362b79_9.conda#ced5340f5dc6cff43a80deac8d0e398f
https://conda.anaconda.org/conda-forge/noarch/certifi-2023.7.22-pyhd8ed1ab_0.conda#7f3dbc9179b4dde7da98dfb151d0ad22
https://conda.anaconda.org/conda-forge/noarch/charset-normalizer-3.2.0-pyhd8ed1ab_0.conda#313516e9a4b08b12dfb1e1cd390a96e3
https://conda.anaconda.org/conda-forge/noarch/click-8.1.6-unix_pyh707e725_0.conda#64dbb3b205546691a61204d1cfb208e3
https://conda.anaconda.org/conda-forge/noarch/cloudpickle-2.2.1-pyhd8ed1ab_0.conda#b325bfc4cff7d7f8a868f1f7ecc4ed16
https://conda.anaconda.org/conda-forge/noarch/cycler-0.11.0-pyhd8ed1ab_0.tar.bz2#a50559fad0affdbb33729a68669ca1cb
https://conda.anaconda.org/conda-forge/noarch/filelock-3.12.2-pyhd8ed1ab_0.conda#53522ec72e6adae42bd373ef58357230
https://conda.anaconda.org/conda-forge/noarch/findlibs-0.0.5-pyhd8ed1ab_0.conda#8f325f63020af6f7acbe2c4cb4c920db
https://conda.anaconda.org/conda-forge/noarch/fsspec-2023.6.0-pyh1a96a4e_0.conda#50ea2067ec92dfcc38b4f07992d7e235
https://conda.anaconda.org/conda-forge/noarch/idna-3.4-pyhd8ed1ab_0.tar.bz2#34272b248891bddccc64479f9a7fffed
https://conda.anaconda.org/conda-forge/linux-64/kiwisolver-1.4.4-py311h4dd048b_1.tar.bz2#46d451f575392c01dc193069bd89766d
https://conda.anaconda.org/conda-forge/linux-64/lcms2-2.15-haa2dc70_1.conda#980d8aca0bc23ca73fa8caa3e7c84c28
https://conda.anaconda.org/conda-forge/linux-64/libcurl-8.2.1-hca28451_0.conda#96aec6156d58591f5a4e67056521ce1b
https://conda.anaconda.org/conda-forge/noarch/locket-1.0.0-pyhd8ed1ab_0.tar.bz2#91e27ef3d05cc772ce627e51cff111c4
https://conda.anaconda.org/conda-forge/linux-64/markupsafe-2.1.3-py311h459d7ec_0.conda#9904dc4adb5d547cb21e136f98cb24b0
https://conda.anaconda.org/conda-forge/noarch/mock-5.1.0-pyhd8ed1ab_0.conda#926c67c0310094cf421ad13f7d3f38e5
https://conda.anaconda.org/conda-forge/noarch/munkres-1.1.4-pyh9f0ad1d_0.tar.bz2#2ba8498c1018c1e9c61eb99b973dfe19
https://conda.anaconda.org/conda-forge/noarch/nose-1.3.7-py_1006.tar.bz2#382019d5f8e9362ef6f60a8d4e7bce8f
https://conda.anaconda.org/conda-forge/linux-64/numpy-1.25.1-py311h64a7726_0.conda#b32456e3b3b4d375860ce12163f20122
https://conda.anaconda.org/conda-forge/linux-64/openjpeg-2.5.0-hfec8fc6_2.conda#5ce6a42505c6e9e6151c54c3ec8d68ea
https://conda.anaconda.org/conda-forge/noarch/packaging-23.1-pyhd8ed1ab_0.conda#91cda59e66e1e4afe9476f8ef98f5c30
https://conda.anaconda.org/conda-forge/noarch/pep8-1.7.1-py_0.tar.bz2#d0b5bc3aebbffcb175bf8a1d419acb79
https://conda.anaconda.org/conda-forge/noarch/pycparser-2.21-pyhd8ed1ab_0.tar.bz2#076becd9e05608f8dc72757d5f3a91ff
https://conda.anaconda.org/conda-forge/noarch/pyparsing-3.1.0-pyhd8ed1ab_0.conda#d3ed087d1f7f8f5590e8e87b57a8ce64
https://conda.anaconda.org/conda-forge/noarch/pyshp-2.3.1-pyhd8ed1ab_0.tar.bz2#92a889dc236a5197612bc85bee6d7174
https://conda.anaconda.org/conda-forge/noarch/pysocks-1.7.1-pyha2e5f31_6.tar.bz2#2a7de29fb590ca14b5243c4c812c8025
https://conda.anaconda.org/conda-forge/linux-64/python-xxhash-3.2.0-py311h2582759_0.conda#dfcc3e6e30d6ec2b2bb416fcd8ff4dc1
https://conda.anaconda.org/conda-forge/linux-64/pyyaml-6.0-py311hd4cff14_5.tar.bz2#da8769492e423103c59f469f4f17f8d9
https://conda.anaconda.org/conda-forge/noarch/setuptools-68.0.0-pyhd8ed1ab_0.conda#5a7739d0f57ee64133c9d32e6507c46d
https://conda.anaconda.org/conda-forge/noarch/six-1.16.0-pyh6c4a22f_0.tar.bz2#e5f25f8dbc060e9a8d912e432202afc2
https://conda.anaconda.org/conda-forge/noarch/toolz-0.12.0-pyhd8ed1ab_0.tar.bz2#92facfec94bc02d6ccf42e7173831a36
https://conda.anaconda.org/conda-forge/noarch/typing_extensions-4.7.1-pyha770c72_0.conda#c39d6a09fe819de4951c2642629d9115
https://conda.anaconda.org/conda-forge/noarch/wheel-0.41.0-pyhd8ed1ab_0.conda#66beb36a1fa7e0dc9d9bf843a80eb82c
https://conda.anaconda.org/conda-forge/linux-64/xorg-libxext-1.3.4-h0b41bf4_2.conda#82b6df12252e6f32402b96dacc656fec
https://conda.anaconda.org/conda-forge/linux-64/xorg-libxfixes-5.0.3-h7f98852_1004.tar.bz2#e9a21aa4d5e3e5f1aed71e8cefd46b6a
https://conda.anaconda.org/conda-forge/noarch/zipp-3.16.2-pyhd8ed1ab_0.conda#2da0451b54c4563c32490cb1b7cf68a1
https://conda.anaconda.org/conda-forge/linux-64/aws-c-auth-0.7.0-hf8751d9_2.conda#deb12196f0c64c441bb3d083d06d0cf8
https://conda.anaconda.org/conda-forge/linux-64/aws-c-mqtt-0.8.14-h2e270ba_2.conda#58bbee5fd6cf2d4fffbead1bc33a5d3b
https://conda.anaconda.org/conda-forge/linux-64/cffi-1.15.1-py311h409f033_3.conda#9025d0786dbbe4bc91fd8e85502decce
https://conda.anaconda.org/conda-forge/linux-64/cftime-1.6.2-py311h4c7f6c3_1.tar.bz2#c7e54004ffd03f8db0a58ab949f2a00b
https://conda.anaconda.org/conda-forge/linux-64/contourpy-1.1.0-py311h9547e67_0.conda#daf3f23397ab2265d0cdfa339f3627ba
https://conda.anaconda.org/conda-forge/linux-64/fonttools-4.41.1-py311h459d7ec_0.conda#343fff1650d07ab6956dbb35a124f89d
https://conda.anaconda.org/conda-forge/linux-64/hdf5-1.14.1-nompi_h4f84152_100.conda#ff9ae10aa224826c07da7ef26cb0b717
https://conda.anaconda.org/conda-forge/noarch/importlib-metadata-6.8.0-pyha770c72_0.conda#4e9f59a060c3be52bc4ddc46ee9b6946
https://conda.anaconda.org/conda-forge/noarch/jinja2-3.1.2-pyhd8ed1ab_1.tar.bz2#c8490ed5c70966d232fdd389d0dbed37
https://conda.anaconda.org/conda-forge/linux-64/mo_pack-0.2.0-py311h4c7f6c3_1008.tar.bz2#5998dff78c3b82a07ad77f2ae1ec1c44
https://conda.anaconda.org/conda-forge/noarch/partd-1.4.0-pyhd8ed1ab_0.conda#721dab5803ea92ce02ddc4ee50aa0c48
https://conda.anaconda.org/conda-forge/linux-64/pillow-10.0.0-py311h0b84326_0.conda#4b24acdc1fbbae9da03147e7d2cf8c8a
https://conda.anaconda.org/conda-forge/noarch/pip-23.2.1-pyhd8ed1ab_0.conda#e2783aa3f9235225eec92f9081c5b801
https://conda.anaconda.org/conda-forge/linux-64/proj-9.2.1-ha643af7_0.conda#e992387307f4403ba0ec07d009032550
https://conda.anaconda.org/conda-forge/noarch/python-dateutil-2.8.2-pyhd8ed1ab_0.tar.bz2#dd999d1cc9f79e67dbb855c8924c7984
https://conda.anaconda.org/conda-forge/linux-64/shapely-2.0.1-py311h54d622a_1.conda#a894c65b48676c4973e9ee8b59bceb9e
https://conda.anaconda.org/conda-forge/noarch/typing-extensions-4.7.1-hd8ed1ab_0.conda#f96688577f1faa58096d06a45136afa2
https://conda.anaconda.org/conda-forge/noarch/urllib3-2.0.4-pyhd8ed1ab_0.conda#18badd8fa3648d1beb1fcc7f2e0f756e
https://conda.anaconda.org/conda-forge/linux-64/xorg-libxi-1.7.10-h7f98852_0.tar.bz2#e77615e5141cad5a2acaa043d1cf0ca5
https://conda.anaconda.org/conda-forge/linux-64/aws-c-s3-0.3.13-heb0bb06_2.conda#c0866da05d5e7bb3a3f6b68bcbf7537b
https://conda.anaconda.org/conda-forge/linux-64/cf-units-3.2.0-py311h1f0f07a_0.conda#43a71a823583d75308eaf3a06c8f150b
https://conda.anaconda.org/conda-forge/linux-64/freeglut-3.2.2-hac7e632_2.conda#6e553df297f6e64668efb54302e0f139
https://conda.anaconda.org/conda-forge/noarch/importlib_metadata-6.8.0-hd8ed1ab_0.conda#b279b07ce18058034e5b3606ba103a8b
https://conda.anaconda.org/conda-forge/linux-64/matplotlib-base-3.7.1-py311h8597a09_0.conda#70c3b734ffe82c16b6d121aaa11929a8
https://conda.anaconda.org/conda-forge/noarch/platformdirs-3.9.1-pyhd8ed1ab_0.conda#044e7a1e0ad42c4e67110bd078150a63
https://conda.anaconda.org/conda-forge/linux-64/pyproj-3.6.0-py311ha169711_1.conda#92633556d37e88ce45193374d408072c
https://conda.anaconda.org/conda-forge/noarch/requests-2.31.0-pyhd8ed1ab_0.conda#a30144e4156cdbb236f99ebb49828f8b
https://conda.anaconda.org/conda-forge/linux-64/aws-crt-cpp-0.20.3-he9c0e7f_4.conda#7695770e1d722ce9029a2ea30c060a3d
https://conda.anaconda.org/conda-forge/noarch/dask-core-2023.7.1-pyhd8ed1ab_0.conda#c680b05515f9692a3ba253dfa7d85465
https://conda.anaconda.org/conda-forge/linux-64/jasper-4.0.0-h32699f2_1.conda#fdde5424ecef5f7ad310b4242229291c
https://conda.anaconda.org/conda-forge/noarch/pooch-1.7.0-pyha770c72_3.conda#5936894aade8240c867d292aa0d980c6
https://conda.anaconda.org/conda-forge/linux-64/aws-sdk-cpp-1.10.57-hbc2ea52_17.conda#452c7b08c21eea2ef01f4fd364d6affc
https://conda.anaconda.org/conda-forge/linux-64/scipy-1.11.1-py311h64a7726_0.conda#356da36102fc1eeb8a81e6d79e53bc7e
https://conda.anaconda.org/conda-forge/linux-64/cartopy-0.21.1-py311hd88b842_1.conda#f19feb9440890ccb806a367ea9ae0654
https://conda.anaconda.org/conda-forge/linux-64/libnetcdf-4.9.2-nompi_h7e745eb_109.conda#9e208615247477427acbd0900ca7038f
https://conda.anaconda.org/conda-forge/linux-64/eccodes-2.31.0-h73bf81c_0.conda#ffb754859219f4d8fbd9b7cc3337dd27
https://conda.anaconda.org/conda-forge/linux-64/netcdf4-1.6.4-nompi_py311h9a7c333_101.conda#1dc70c7c3352c0ff1f861d866860db37
https://conda.anaconda.org/conda-forge/noarch/iris-3.6.1-pyha770c72_0.conda#36d615b339058273520990fc78239116
https://conda.anaconda.org/conda-forge/linux-64/python-eccodes-1.6.0-py311h1f0f07a_0.conda#c1a8ed764bff88bba46dbc6566016187
