# Generated by conda-lock.
# platform: linux-64
# input_hash: ce88382ab030763c8e7602a9957739e8dbf27aa5b8d5ef4b3bf35e84e5b22731
@EXPLICIT
https://conda.anaconda.org/conda-forge/linux-64/_libgcc_mutex-0.1-conda_forge.tar.bz2#d7c89558ba9fa0495403155b64376d81
https://conda.anaconda.org/conda-forge/linux-64/ca-certificates-2024.2.2-hbcca054_0.conda#2f4327a1cbe7f022401b236e915a5fef
https://conda.anaconda.org/conda-forge/linux-64/ld_impl_linux-64-2.40-h41732ed_0.conda#7aca3059a1729aa76c597603f10b0dd3
https://conda.anaconda.org/conda-forge/linux-64/libstdcxx-ng-13.2.0-h7e041cc_5.conda#f6f6600d18a4047b54f803cf708b868a
https://conda.anaconda.org/conda-forge/linux-64/python_abi-3.10-4_cp310.conda#26322ec5d7712c3ded99dd656142b8ce
https://conda.anaconda.org/conda-forge/noarch/tzdata-2024a-h0c530f3_0.conda#161081fc7cec0bfda0d86d7cb595f8d8
https://conda.anaconda.org/conda-forge/linux-64/libgomp-13.2.0-h807b86a_5.conda#d211c42b9ce49aee3734fdc828731689
https://conda.anaconda.org/conda-forge/linux-64/_openmp_mutex-4.5-2_gnu.tar.bz2#73aaf86a425cc6e73fcf236a5a46396d
https://conda.anaconda.org/conda-forge/linux-64/libgcc-ng-13.2.0-h807b86a_5.conda#d4ff227c46917d3b4565302a2bbb276b
https://conda.anaconda.org/conda-forge/linux-64/bzip2-1.0.8-hd590300_5.conda#69b8b6202a07720f448be700e300ccf4
https://conda.anaconda.org/conda-forge/linux-64/c-ares-1.27.0-hd590300_0.conda#f6afff0e9ee08d2f1b897881a4f38cdb
https://conda.anaconda.org/conda-forge/linux-64/geos-3.12.1-h59595ed_0.conda#8c0f4f71f5a59ceb0c6fa9f51501066d
https://conda.anaconda.org/conda-forge/linux-64/icu-73.2-h59595ed_0.conda#cc47e1facc155f91abd89b11e48e72ff
https://conda.anaconda.org/conda-forge/linux-64/keyutils-1.6.1-h166bdaf_0.tar.bz2#30186d27e2c9fa62b45fb1476b7200e3
https://conda.anaconda.org/conda-forge/linux-64/lerc-4.0.0-h27087fc_0.tar.bz2#76bbff344f0134279f225174e9064c8f
https://conda.anaconda.org/conda-forge/linux-64/libaec-1.1.3-h59595ed_0.conda#5e97e271911b8b2001a8b71860c32faa
https://conda.anaconda.org/conda-forge/linux-64/libbrotlicommon-1.1.0-hd590300_1.conda#aec6c91c7371c26392a06708a73c70e5
https://conda.anaconda.org/conda-forge/linux-64/libdeflate-1.19-hd590300_0.conda#1635570038840ee3f9c71d22aa5b8b6d
https://conda.anaconda.org/conda-forge/linux-64/libev-4.33-hd590300_2.conda#172bf1cd1ff8629f2b1179945ed45055
https://conda.anaconda.org/conda-forge/linux-64/libexpat-2.6.2-h59595ed_0.conda#e7ba12deb7020dd080c6c70e7b6f6a3d
https://conda.anaconda.org/conda-forge/linux-64/libffi-3.4.2-h7f98852_5.tar.bz2#d645c6d2ac96843a2bfaccd2d62b3ac3
https://conda.anaconda.org/conda-forge/linux-64/libgfortran5-13.2.0-ha4646dd_5.conda#7a6bd7a12a4bd359e2afe6c0fa1acace
https://conda.anaconda.org/conda-forge/linux-64/libiconv-1.17-hd590300_2.conda#d66573916ffcf376178462f1b61c941e
https://conda.anaconda.org/conda-forge/linux-64/libjpeg-turbo-3.0.0-hd590300_1.conda#ea25936bb4080d843790b586850f82b8
https://conda.anaconda.org/conda-forge/linux-64/libmo_unpack-3.1.2-hf484d3e_1001.tar.bz2#95f32a6a5a666d33886ca5627239f03d
https://conda.anaconda.org/conda-forge/linux-64/libnsl-2.0.1-hd590300_0.conda#30fd6e37fe21f86f4bd26d6ee73eeec7
https://conda.anaconda.org/conda-forge/linux-64/libuuid-2.38.1-h0b41bf4_0.conda#40b61aab5c7ba9ff276c41cfffe6b80b
https://conda.anaconda.org/conda-forge/linux-64/libwebp-base-1.3.2-hd590300_0.conda#30de3fd9b3b602f7473f30e684eeea8c
https://conda.anaconda.org/conda-forge/linux-64/libxcrypt-4.4.36-hd590300_1.conda#5aa797f8787fe7a17d1b0821485b5adc
https://conda.anaconda.org/conda-forge/linux-64/libzlib-1.2.13-hd590300_5.conda#f36c115f1ee199da648e0597ec2047ad
https://conda.anaconda.org/conda-forge/linux-64/lz4-c-1.9.4-hcb278e6_0.conda#318b08df404f9c9be5712aaa5a6f0bb0
https://conda.anaconda.org/conda-forge/linux-64/ncurses-6.4.20240210-h59595ed_0.conda#97da8860a0da5413c7c98a3b3838a645
https://conda.anaconda.org/conda-forge/linux-64/openssl-3.2.1-hd590300_1.conda#9d731343cff6ee2e5a25c4a091bf8e2a
https://conda.anaconda.org/conda-forge/linux-64/pthread-stubs-0.4-h36c2ea0_1001.tar.bz2#22dad4df6e8630e8dff2428f6f6a7036
https://conda.anaconda.org/conda-forge/linux-64/snappy-1.1.10-h9fff704_0.conda#e6d228cd0bb74a51dd18f5bfce0b4115
https://conda.anaconda.org/conda-forge/linux-64/xorg-inputproto-2.3.2-h7f98852_1002.tar.bz2#bcd1b3396ec6960cbc1d2855a9e60b2b
https://conda.anaconda.org/conda-forge/linux-64/xorg-kbproto-1.0.7-h7f98852_1002.tar.bz2#4b230e8381279d76131116660f5a241a
https://conda.anaconda.org/conda-forge/linux-64/xorg-libxau-1.0.11-hd590300_0.conda#2c80dc38fface310c9bd81b17037fee5
https://conda.anaconda.org/conda-forge/linux-64/xorg-libxdmcp-1.1.3-h7f98852_0.tar.bz2#be93aabceefa2fac576e971aef407908
https://conda.anaconda.org/conda-forge/linux-64/xorg-xextproto-7.3.0-h0b41bf4_1003.conda#bce9f945da8ad2ae9b1d7165a64d0f87
https://conda.anaconda.org/conda-forge/linux-64/xorg-xproto-7.0.31-h7f98852_1007.tar.bz2#b4a4381d54784606820704f7b5f05a15
https://conda.anaconda.org/conda-forge/linux-64/xxhash-0.8.2-hd590300_0.conda#f08fb5c89edfc4aadee1c81d4cfb1fa1
https://conda.anaconda.org/conda-forge/linux-64/xz-5.2.6-h166bdaf_0.tar.bz2#2161070d867d1b1204ea749c8eec4ef0
https://conda.anaconda.org/conda-forge/linux-64/yaml-0.2.5-h7f98852_2.tar.bz2#4cb3ad778ec2d5a7acbdf254eb1c42ae
https://conda.anaconda.org/conda-forge/linux-64/hdf4-4.2.15-h2a13503_7.conda#bd77f8da987968ec3927990495dc22e4
https://conda.anaconda.org/conda-forge/linux-64/libbrotlidec-1.1.0-hd590300_1.conda#f07002e225d7a60a694d42a7bf5ff53f
https://conda.anaconda.org/conda-forge/linux-64/libbrotlienc-1.1.0-hd590300_1.conda#5fc11c6020d421960607d821310fcd4d
https://conda.anaconda.org/conda-forge/linux-64/libedit-3.1.20191231-he28a2e2_2.tar.bz2#4d331e44109e3f0e19b4cb8f9b82f3e1
https://conda.anaconda.org/conda-forge/linux-64/libgfortran-ng-13.2.0-h69a702a_5.conda#e73e9cfd1191783392131e6238bdb3e9
https://conda.anaconda.org/conda-forge/linux-64/libnghttp2-1.58.0-h47da74e_1.conda#700ac6ea6d53d5510591c4344d5c989a
https://conda.anaconda.org/conda-forge/linux-64/libpng-1.6.43-h2797004_0.conda#009981dd9cfcaa4dbfa25ffaed86bcae
https://conda.anaconda.org/conda-forge/linux-64/libsqlite-3.45.2-h2797004_0.conda#866983a220e27a80cb75e85cb30466a1
https://conda.anaconda.org/conda-forge/linux-64/libssh2-1.11.0-h0841786_0.conda#1f5a58e686b13bcfde88b93f547d23fe
https://conda.anaconda.org/conda-forge/linux-64/libudunits2-2.2.28-h40f5838_3.conda#4bdace082e911a3e1f1f0b721bed5b56
https://conda.anaconda.org/conda-forge/linux-64/libxcb-1.15-h0b41bf4_0.conda#33277193f5b92bad9fdd230eb700929c
https://conda.anaconda.org/conda-forge/linux-64/libxml2-2.12.6-h232c23b_0.conda#d86653ff5ccb88bf7f13833fdd8789e0
https://conda.anaconda.org/conda-forge/linux-64/libzip-1.10.1-h2629f0a_3.conda#ac79812548e7e8cf61f7b0abdef01d3b
https://conda.anaconda.org/conda-forge/linux-64/readline-8.2-h8228510_1.conda#47d31b792659ce70f470b5c82fdfb7a4
https://conda.anaconda.org/conda-forge/linux-64/tk-8.6.13-noxft_h4845f30_101.conda#d453b98d9c83e71da0741bb0ff4d76bc
https://conda.anaconda.org/conda-forge/linux-64/xorg-fixesproto-5.0-h7f98852_1002.tar.bz2#65ad6e1eb4aed2b0611855aff05e04f6
https://conda.anaconda.org/conda-forge/linux-64/zlib-1.2.13-hd590300_5.conda#68c34ec6149623be41a1933ab996a209
https://conda.anaconda.org/conda-forge/linux-64/zstd-1.5.5-hfc55251_0.conda#04b88013080254850d6c01ed54810589
https://conda.anaconda.org/conda-forge/linux-64/blosc-1.21.5-h0f2a231_0.conda#009521b7ed97cca25f8f997f9e745976
https://conda.anaconda.org/conda-forge/linux-64/brotli-bin-1.1.0-hd590300_1.conda#39f910d205726805a958da408ca194ba
https://conda.anaconda.org/conda-forge/linux-64/freetype-2.12.1-h267a509_2.conda#9ae35c3d96db2c94ce0cef86efdfa2cb
https://conda.anaconda.org/conda-forge/linux-64/krb5-1.21.2-h659d440_0.conda#cd95826dbd331ed1be26bdf401432844
https://conda.anaconda.org/conda-forge/linux-64/libopenblas-0.3.26-pthreads_h413a1c8_0.conda#760ae35415f5ba8b15d09df5afe8b23a
https://conda.anaconda.org/conda-forge/linux-64/libtiff-4.6.0-ha9c0a0a_2.conda#55ed21669b2015f77c180feb1dd41930
https://conda.anaconda.org/conda-forge/linux-64/python-3.10.14-hd12c33a_0_cpython.conda#2b4ba962994e8bd4be9ff5b64b75aff2
https://conda.anaconda.org/conda-forge/linux-64/sqlite-3.45.2-h2c6b66d_0.conda#1423efca06ed343c1da0fc429bae0779
https://conda.anaconda.org/conda-forge/linux-64/udunits2-2.2.28-h40f5838_3.conda#6bb8deb138f87c9d48320ac21b87e7a1
https://conda.anaconda.org/conda-forge/linux-64/xorg-libx11-1.8.7-h8ee46fc_0.conda#49e482d882669206653b095f5206c05b
https://conda.anaconda.org/conda-forge/noarch/antlr-python-runtime-4.11.1-pyhd8ed1ab_0.tar.bz2#15109c4977d39ad7aa3423f57243e286
https://conda.anaconda.org/conda-forge/noarch/attrs-23.2.0-pyh71513ae_0.conda#5e4c0743c70186509d1412e03c2d8dfa
https://conda.anaconda.org/conda-forge/linux-64/brotli-1.1.0-hd590300_1.conda#f27a24d46e3ea7b70a1f98e50c62508f
https://conda.anaconda.org/conda-forge/linux-64/brotli-python-1.1.0-py310hc6cd4ac_1.conda#1f95722c94f00b69af69a066c7433714
https://conda.anaconda.org/conda-forge/noarch/certifi-2024.2.2-pyhd8ed1ab_0.conda#0876280e409658fc6f9e75d035960333
https://conda.anaconda.org/conda-forge/noarch/charset-normalizer-3.3.2-pyhd8ed1ab_0.conda#7f4a9e3fcff3f6356ae99244a014da6a
https://conda.anaconda.org/conda-forge/noarch/click-8.1.7-unix_pyh707e725_0.conda#f3ad426304898027fc619827ff428eca
https://conda.anaconda.org/conda-forge/noarch/cloudpickle-3.0.0-pyhd8ed1ab_0.conda#753d29fe41bb881e4b9c004f0abf973f
https://conda.anaconda.org/conda-forge/noarch/cycler-0.12.1-pyhd8ed1ab_0.conda#5cd86562580f274031ede6aa6aa24441
https://conda.anaconda.org/conda-forge/noarch/filelock-3.13.1-pyhd8ed1ab_0.conda#0c1729b74a8152fde6a38ba0a2ab9f45
https://conda.anaconda.org/conda-forge/noarch/findlibs-0.0.5-pyhd8ed1ab_0.conda#8f325f63020af6f7acbe2c4cb4c920db
https://conda.anaconda.org/conda-forge/noarch/fsspec-2024.3.1-pyhca7485f_0.conda#b7f0662ef2c9d4404f0af9eef5ed2fde
https://conda.anaconda.org/conda-forge/noarch/idna-3.6-pyhd8ed1ab_0.conda#1a76f09108576397c41c0b0c5bd84134
https://conda.anaconda.org/conda-forge/linux-64/kiwisolver-1.4.5-py310hd41b1e2_1.conda#b8d67603d43b23ce7e988a5d81a7ab79
https://conda.anaconda.org/conda-forge/linux-64/lcms2-2.16-hb7c19ff_0.conda#51bb7010fc86f70eee639b4bb7a894f5
https://conda.anaconda.org/conda-forge/linux-64/libblas-3.9.0-21_linux64_openblas.conda#0ac9f44fc096772b0aa092119b00c3ca
https://conda.anaconda.org/conda-forge/linux-64/libcurl-8.6.0-hca28451_0.conda#704739398d858872cb91610f49f0ef29
https://conda.anaconda.org/conda-forge/noarch/locket-1.0.0-pyhd8ed1ab_0.tar.bz2#91e27ef3d05cc772ce627e51cff111c4
https://conda.anaconda.org/conda-forge/linux-64/markupsafe-2.1.5-py310h2372a71_0.conda#f6703fa0214a00bf49d1bef6dc7672d0
https://conda.anaconda.org/conda-forge/noarch/mock-5.1.0-pyhd8ed1ab_0.conda#926c67c0310094cf421ad13f7d3f38e5
https://conda.anaconda.org/conda-forge/noarch/munkres-1.1.4-pyh9f0ad1d_0.tar.bz2#2ba8498c1018c1e9c61eb99b973dfe19
https://conda.anaconda.org/conda-forge/noarch/nose-1.3.7-py_1006.tar.bz2#382019d5f8e9362ef6f60a8d4e7bce8f
https://conda.anaconda.org/conda-forge/linux-64/openjpeg-2.5.2-h488ebb8_0.conda#7f2e286780f072ed750df46dc2631138
https://conda.anaconda.org/conda-forge/noarch/packaging-24.0-pyhd8ed1ab_0.conda#248f521b64ce055e7feae3105e7abeb8
https://conda.anaconda.org/conda-forge/noarch/pep8-1.7.1-py_0.tar.bz2#d0b5bc3aebbffcb175bf8a1d419acb79
https://conda.anaconda.org/conda-forge/noarch/pycparser-2.21-pyhd8ed1ab_0.tar.bz2#076becd9e05608f8dc72757d5f3a91ff
https://conda.anaconda.org/conda-forge/noarch/pyparsing-3.1.2-pyhd8ed1ab_0.conda#b9a4dacf97241704529131a0dfc0494f
https://conda.anaconda.org/conda-forge/noarch/pyshp-2.3.1-pyhd8ed1ab_0.tar.bz2#92a889dc236a5197612bc85bee6d7174
https://conda.anaconda.org/conda-forge/noarch/pysocks-1.7.1-pyha2e5f31_6.tar.bz2#2a7de29fb590ca14b5243c4c812c8025
https://conda.anaconda.org/conda-forge/linux-64/python-xxhash-3.4.1-py310h2372a71_0.conda#b631b889b0b4bc2fca7b8b977ca484b2
https://conda.anaconda.org/conda-forge/linux-64/pyyaml-6.0.1-py310h2372a71_1.conda#bb010e368de4940771368bc3dc4c63e7
https://conda.anaconda.org/conda-forge/noarch/setuptools-69.2.0-pyhd8ed1ab_0.conda#da214ecd521a720a9d521c68047682dc
https://conda.anaconda.org/conda-forge/noarch/six-1.16.0-pyh6c4a22f_0.tar.bz2#e5f25f8dbc060e9a8d912e432202afc2
https://conda.anaconda.org/conda-forge/noarch/toolz-0.12.1-pyhd8ed1ab_0.conda#2fcb582444635e2c402e8569bb94e039
https://conda.anaconda.org/conda-forge/linux-64/unicodedata2-15.1.0-py310h2372a71_0.conda#72637c58d36d9475fda24700c9796f19
https://conda.anaconda.org/conda-forge/noarch/wheel-0.43.0-pyhd8ed1ab_0.conda#6e43a94e0ee67523b5e781f0faba5c45
https://conda.anaconda.org/conda-forge/linux-64/xorg-libxext-1.3.4-h0b41bf4_2.conda#82b6df12252e6f32402b96dacc656fec
https://conda.anaconda.org/conda-forge/linux-64/xorg-libxfixes-5.0.3-h7f98852_1004.tar.bz2#e9a21aa4d5e3e5f1aed71e8cefd46b6a
https://conda.anaconda.org/conda-forge/noarch/zipp-3.17.0-pyhd8ed1ab_0.conda#2e4d6bc0b14e10f895fc6791a7d9b26a
https://conda.anaconda.org/conda-forge/linux-64/cffi-1.16.0-py310h2fee648_0.conda#45846a970e71ac98fd327da5d40a0a2c
https://conda.anaconda.org/conda-forge/linux-64/fonttools-4.50.0-py310h2372a71_0.conda#85c48c98c9f2b72b384fb11c9004920b
https://conda.anaconda.org/conda-forge/linux-64/hdf5-1.14.3-nompi_h4f84152_100.conda#d471a5c3abc984b662d9bae3bb7fd8a5
https://conda.anaconda.org/conda-forge/noarch/importlib-metadata-7.1.0-pyha770c72_0.conda#0896606848b2dc5cebdf111b6543aa04
https://conda.anaconda.org/conda-forge/noarch/jinja2-3.1.3-pyhd8ed1ab_0.conda#e7d8df6509ba635247ff9aea31134262
https://conda.anaconda.org/conda-forge/linux-64/libcblas-3.9.0-21_linux64_openblas.conda#4a3816d06451c4946e2db26b86472cb6
https://conda.anaconda.org/conda-forge/linux-64/libglu-9.0.0-hac7e632_1003.conda#50c389a09b6b7babaef531eb7cb5e0ca
https://conda.anaconda.org/conda-forge/linux-64/liblapack-3.9.0-21_linux64_openblas.conda#1a42f305615c3867684e049e85927531
https://conda.anaconda.org/conda-forge/noarch/partd-1.4.1-pyhd8ed1ab_0.conda#acf4b7c0bcd5fa3b0e05801c4d2accd6
https://conda.anaconda.org/conda-forge/linux-64/pillow-10.2.0-py310h01dd4db_0.conda#9ec32d0d90f7670eb29bbba18299cf29
https://conda.anaconda.org/conda-forge/noarch/pip-24.0-pyhd8ed1ab_0.conda#f586ac1e56c8638b64f9c8122a7b8a67
https://conda.anaconda.org/conda-forge/linux-64/proj-9.3.1-h1d62c97_0.conda#44ec51d0857d9be26158bb85caa74fdb
https://conda.anaconda.org/conda-forge/noarch/python-dateutil-2.9.0-pyhd8ed1ab_0.conda#2cf4264fffb9e6eff6031c5b6884d61c
https://conda.anaconda.org/conda-forge/noarch/urllib3-2.2.1-pyhd8ed1ab_0.conda#08807a87fa7af10754d46f63b368e016
https://conda.anaconda.org/conda-forge/linux-64/xorg-libxi-1.7.10-h7f98852_0.tar.bz2#e77615e5141cad5a2acaa043d1cf0ca5
https://conda.anaconda.org/conda-forge/linux-64/freeglut-3.2.2-hac7e632_2.conda#6e553df297f6e64668efb54302e0f139
https://conda.anaconda.org/conda-forge/noarch/importlib_metadata-7.1.0-hd8ed1ab_0.conda#6ef2b72d291b39e479d7694efa2b2b98
https://conda.anaconda.org/conda-forge/linux-64/libnetcdf-4.9.2-nompi_h9612171_113.conda#b2414908e43c442ddc68e6148774a304
https://conda.anaconda.org/conda-forge/linux-64/numpy-1.26.4-py310hb13e2d6_0.conda#6593de64c935768b6bad3e19b3e978be
https://conda.anaconda.org/conda-forge/linux-64/pyproj-3.6.1-py310hd5c30f3_5.conda#dc2ee770a2299307f3c127af79160d25
https://conda.anaconda.org/conda-forge/noarch/requests-2.31.0-pyhd8ed1ab_0.conda#a30144e4156cdbb236f99ebb49828f8b
https://conda.anaconda.org/conda-forge/linux-64/cftime-1.6.3-py310h1f7b6fc_0.conda#31beda75384647959d5792a1a7dc571a
https://conda.anaconda.org/conda-forge/linux-64/contourpy-1.2.0-py310hd41b1e2_0.conda#85d2aaa7af046528d339da1e813c3a9f
https://conda.anaconda.org/conda-forge/noarch/dask-core-2024.3.1-pyhd8ed1ab_0.conda#52dd56ce3afa6a52c2f3d3116875ff32
https://conda.anaconda.org/conda-forge/linux-64/jasper-4.2.2-he6dfbbe_0.conda#629e33f68784c1fb678ac7e6f0d9b249
https://conda.anaconda.org/conda-forge/linux-64/mo_pack-0.3.0-py310h2372a71_1.conda#dfcf64f67961eb9686676f96fdb4b4d1
https://conda.anaconda.org/conda-forge/linux-64/scipy-1.12.0-py310hb13e2d6_2.conda#cd3baec470071490bc5ab05da64c52b5
https://conda.anaconda.org/conda-forge/linux-64/shapely-2.0.3-py310hc3e127f_0.conda#fbc825d13cbcb2d5d3fbba22c83fd203
https://conda.anaconda.org/conda-forge/linux-64/cf-units-3.2.0-py310h1f7b6fc_4.conda#0ca55ca20891d393846695354b32ebc5
https://conda.anaconda.org/conda-forge/linux-64/eccodes-2.34.1-he84ddb8_0.conda#f12ca97c38833a5a179adc172155d15d
https://conda.anaconda.org/conda-forge/linux-64/matplotlib-base-3.8.3-py310h62c0568_0.conda#4a7296c0273eb01dfbed728dd6a6725a
https://conda.anaconda.org/conda-forge/linux-64/netcdf4-1.6.5-nompi_py310hba70d50_100.conda#e19392760c7e4da3b9cb0ee5bf61bc4b
https://conda.anaconda.org/conda-forge/linux-64/cartopy-0.22.0-py310hcc13569_1.conda#31ef447724fb19066a9d00a660dab1bd
https://conda.anaconda.org/conda-forge/linux-64/python-eccodes-1.7.0-py310h1f7b6fc_1.conda#f020ac07b7df9c4b0bd0ece3055b5bd2
https://conda.anaconda.org/conda-forge/noarch/iris-3.8.1-pyha770c72_0.conda#b08a116ef1607e7e960a4caa902e3a90
