# Generated by conda-lock.
# platform: linux-64
# input_hash: 127b02bcf9b2a0ba5f66b9f1dac937376ec9d7bfb70f94747a1451c820db2128
@EXPLICIT
https://conda.anaconda.org/conda-forge/linux-64/_libgcc_mutex-0.1-conda_forge.tar.bz2#d7c89558ba9fa0495403155b64376d81
https://conda.anaconda.org/conda-forge/linux-64/ca-certificates-2023.7.22-hbcca054_0.conda#a73ecd2988327ad4c8f2c331482917f2
https://conda.anaconda.org/conda-forge/linux-64/ld_impl_linux-64-2.40-h41732ed_0.conda#7aca3059a1729aa76c597603f10b0dd3
https://conda.anaconda.org/conda-forge/linux-64/libstdcxx-ng-13.2.0-h7e041cc_2.conda#9172c297304f2a20134fc56c97fbe229
https://conda.anaconda.org/conda-forge/linux-64/python_abi-3.9-4_cp39.conda#bfe4b3259a8ac6cdf0037752904da6a7
https://conda.anaconda.org/conda-forge/noarch/tzdata-2023c-h71feb2d_0.conda#939e3e74d8be4dac89ce83b20de2492a
https://conda.anaconda.org/conda-forge/linux-64/libgomp-13.2.0-h807b86a_2.conda#e2042154faafe61969556f28bade94b9
https://conda.anaconda.org/conda-forge/linux-64/_openmp_mutex-4.5-2_gnu.tar.bz2#73aaf86a425cc6e73fcf236a5a46396d
https://conda.anaconda.org/conda-forge/linux-64/libgcc-ng-13.2.0-h807b86a_2.conda#c28003b0be0494f9a7664389146716ff
https://conda.anaconda.org/conda-forge/linux-64/bzip2-1.0.8-h7f98852_4.tar.bz2#a1fd65c7ccbf10880423d82bca54eb54
https://conda.anaconda.org/conda-forge/linux-64/c-ares-1.19.1-hd590300_0.conda#e8c18d865be43e2fb3f7a145b6adf1f5
https://conda.anaconda.org/conda-forge/linux-64/geos-3.12.0-h59595ed_0.conda#3fdf79ef322c8379ae83be491d805369
https://conda.anaconda.org/conda-forge/linux-64/icu-73.2-h59595ed_0.conda#cc47e1facc155f91abd89b11e48e72ff
https://conda.anaconda.org/conda-forge/linux-64/keyutils-1.6.1-h166bdaf_0.tar.bz2#30186d27e2c9fa62b45fb1476b7200e3
https://conda.anaconda.org/conda-forge/linux-64/lerc-4.0.0-h27087fc_0.tar.bz2#76bbff344f0134279f225174e9064c8f
https://conda.anaconda.org/conda-forge/linux-64/libaec-1.0.6-hcb278e6_1.conda#0f683578378cddb223e7fd24f785ab2a
https://conda.anaconda.org/conda-forge/linux-64/libbrotlicommon-1.1.0-hd590300_0.conda#e805cbec4c29feb22e019245f7e47b6c
https://conda.anaconda.org/conda-forge/linux-64/libdeflate-1.19-hd590300_0.conda#1635570038840ee3f9c71d22aa5b8b6d
https://conda.anaconda.org/conda-forge/linux-64/libev-4.33-h516909a_1.tar.bz2#6f8720dff19e17ce5d48cfe7f3d2f0a3
https://conda.anaconda.org/conda-forge/linux-64/libexpat-2.5.0-hcb278e6_1.conda#6305a3dd2752c76335295da4e581f2fd
https://conda.anaconda.org/conda-forge/linux-64/libffi-3.4.2-h7f98852_5.tar.bz2#d645c6d2ac96843a2bfaccd2d62b3ac3
https://conda.anaconda.org/conda-forge/linux-64/libgfortran5-13.2.0-ha4646dd_2.conda#78fdab09d9138851dde2b5fe2a11019e
https://conda.anaconda.org/conda-forge/linux-64/libiconv-1.17-h166bdaf_0.tar.bz2#b62b52da46c39ee2bc3c162ac7f1804d
https://conda.anaconda.org/conda-forge/linux-64/libjpeg-turbo-2.1.5.1-hd590300_1.conda#323e90742f0f48fc22bea908735f55e6
https://conda.anaconda.org/conda-forge/linux-64/libmo_unpack-3.1.2-hf484d3e_1001.tar.bz2#95f32a6a5a666d33886ca5627239f03d
https://conda.anaconda.org/conda-forge/linux-64/libnsl-2.0.0-h7f98852_0.tar.bz2#39b1328babf85c7c3a61636d9cd50206
https://conda.anaconda.org/conda-forge/linux-64/libuuid-2.38.1-h0b41bf4_0.conda#40b61aab5c7ba9ff276c41cfffe6b80b
https://conda.anaconda.org/conda-forge/linux-64/libwebp-base-1.3.2-hd590300_0.conda#30de3fd9b3b602f7473f30e684eeea8c
https://conda.anaconda.org/conda-forge/linux-64/libzlib-1.2.13-hd590300_5.conda#f36c115f1ee199da648e0597ec2047ad
https://conda.anaconda.org/conda-forge/linux-64/lz4-c-1.9.4-hcb278e6_0.conda#318b08df404f9c9be5712aaa5a6f0bb0
https://conda.anaconda.org/conda-forge/linux-64/ncurses-6.4-hcb278e6_0.conda#681105bccc2a3f7f1a837d47d39c9179
https://conda.anaconda.org/conda-forge/linux-64/openssl-3.1.3-hd590300_0.conda#7bb88ce04c8deb9f7d763ae04a1da72f
https://conda.anaconda.org/conda-forge/linux-64/pthread-stubs-0.4-h36c2ea0_1001.tar.bz2#22dad4df6e8630e8dff2428f6f6a7036
https://conda.anaconda.org/conda-forge/linux-64/snappy-1.1.10-h9fff704_0.conda#e6d228cd0bb74a51dd18f5bfce0b4115
https://conda.anaconda.org/conda-forge/linux-64/xorg-inputproto-2.3.2-h7f98852_1002.tar.bz2#bcd1b3396ec6960cbc1d2855a9e60b2b
https://conda.anaconda.org/conda-forge/linux-64/xorg-kbproto-1.0.7-h7f98852_1002.tar.bz2#4b230e8381279d76131116660f5a241a
https://conda.anaconda.org/conda-forge/linux-64/xorg-libxau-1.0.11-hd590300_0.conda#2c80dc38fface310c9bd81b17037fee5
https://conda.anaconda.org/conda-forge/linux-64/xorg-libxdmcp-1.1.3-h7f98852_0.tar.bz2#be93aabceefa2fac576e971aef407908
https://conda.anaconda.org/conda-forge/linux-64/xorg-xextproto-7.3.0-h0b41bf4_1003.conda#bce9f945da8ad2ae9b1d7165a64d0f87
https://conda.anaconda.org/conda-forge/linux-64/xorg-xproto-7.0.31-h7f98852_1007.tar.bz2#b4a4381d54784606820704f7b5f05a15
https://conda.anaconda.org/conda-forge/linux-64/xxhash-0.8.2-hd590300_0.conda#f08fb5c89edfc4aadee1c81d4cfb1fa1
https://conda.anaconda.org/conda-forge/linux-64/xz-5.2.6-h166bdaf_0.tar.bz2#2161070d867d1b1204ea749c8eec4ef0
https://conda.anaconda.org/conda-forge/linux-64/yaml-0.2.5-h7f98852_2.tar.bz2#4cb3ad778ec2d5a7acbdf254eb1c42ae
https://conda.anaconda.org/conda-forge/linux-64/hdf4-4.2.15-h501b40f_6.conda#c3e9338e15d90106f467377017352b97
https://conda.anaconda.org/conda-forge/linux-64/libbrotlidec-1.1.0-hd590300_0.conda#43017394a280a42b48d11d2a6e169901
https://conda.anaconda.org/conda-forge/linux-64/libbrotlienc-1.1.0-hd590300_0.conda#8e3e1cb77c4b355a3776bdfb74095bed
https://conda.anaconda.org/conda-forge/linux-64/libedit-3.1.20191231-he28a2e2_2.tar.bz2#4d331e44109e3f0e19b4cb8f9b82f3e1
https://conda.anaconda.org/conda-forge/linux-64/libgfortran-ng-13.2.0-h69a702a_2.conda#e75a75a6eaf6f318dae2631158c46575
https://conda.anaconda.org/conda-forge/linux-64/libnghttp2-1.52.0-h61bc06f_0.conda#613955a50485812985c059e7b269f42e
https://conda.anaconda.org/conda-forge/linux-64/libpng-1.6.39-h753d276_0.conda#e1c890aebdebbfbf87e2c917187b4416
https://conda.anaconda.org/conda-forge/linux-64/libsqlite-3.43.0-h2797004_0.conda#903fa782a9067d5934210df6d79220f6
https://conda.anaconda.org/conda-forge/linux-64/libssh2-1.11.0-h0841786_0.conda#1f5a58e686b13bcfde88b93f547d23fe
https://conda.anaconda.org/conda-forge/linux-64/libxcb-1.15-h0b41bf4_0.conda#33277193f5b92bad9fdd230eb700929c
https://conda.anaconda.org/conda-forge/linux-64/libxml2-2.11.5-h232c23b_1.conda#f3858448893839820d4bcfb14ad3ecdf
https://conda.anaconda.org/conda-forge/linux-64/libzip-1.10.1-h2629f0a_3.conda#ac79812548e7e8cf61f7b0abdef01d3b
https://conda.anaconda.org/conda-forge/linux-64/readline-8.2-h8228510_1.conda#47d31b792659ce70f470b5c82fdfb7a4
https://conda.anaconda.org/conda-forge/linux-64/tk-8.6.12-h27826a3_0.tar.bz2#5b8c42eb62e9fc961af70bdd6a26e168
https://conda.anaconda.org/conda-forge/linux-64/udunits2-2.2.28-h40f5838_1.conda#85552d64cb49f12781668779efc738ec
https://conda.anaconda.org/conda-forge/linux-64/xorg-fixesproto-5.0-h7f98852_1002.tar.bz2#65ad6e1eb4aed2b0611855aff05e04f6
https://conda.anaconda.org/conda-forge/linux-64/zlib-1.2.13-hd590300_5.conda#68c34ec6149623be41a1933ab996a209
https://conda.anaconda.org/conda-forge/linux-64/zstd-1.5.5-hfc55251_0.conda#04b88013080254850d6c01ed54810589
https://conda.anaconda.org/conda-forge/linux-64/blosc-1.21.5-h0f2a231_0.conda#009521b7ed97cca25f8f997f9e745976
https://conda.anaconda.org/conda-forge/linux-64/brotli-bin-1.1.0-hd590300_0.conda#aeafb07a327e3f14a796bf081ea07472
https://conda.anaconda.org/conda-forge/linux-64/freetype-2.12.1-h267a509_2.conda#9ae35c3d96db2c94ce0cef86efdfa2cb
https://conda.anaconda.org/conda-forge/linux-64/krb5-1.21.2-h659d440_0.conda#cd95826dbd331ed1be26bdf401432844
https://conda.anaconda.org/conda-forge/linux-64/libopenblas-0.3.24-pthreads_h413a1c8_0.conda#6e4ef6ca28655124dcde9bd500e44c32
https://conda.anaconda.org/conda-forge/linux-64/libtiff-4.6.0-h29866fb_1.conda#4e9afd30f4ccb2f98645e51005f82236
https://conda.anaconda.org/conda-forge/linux-64/python-3.9.18-h0755675_0_cpython.conda#3ede353bc605068d9677e700b1847382
https://conda.anaconda.org/conda-forge/linux-64/sqlite-3.43.0-h2c6b66d_0.conda#713f9eac95d051abe14c3774376854fe
https://conda.anaconda.org/conda-forge/linux-64/xorg-libx11-1.8.6-h8ee46fc_0.conda#7590b76c3d11d21caa44f3fc38ac584a
https://conda.anaconda.org/conda-forge/linux-64/antlr-python-runtime-4.7.2-py39hf3d152e_1003.tar.bz2#5e8330e806e50bd6137ebd125f4bc1bb
https://conda.anaconda.org/conda-forge/noarch/attrs-23.1.0-pyh71513ae_1.conda#3edfead7cedd1ab4400a6c588f3e75f8
https://conda.anaconda.org/conda-forge/linux-64/brotli-1.1.0-hd590300_0.conda#3db48055eab680e43a122e2c7494e7ae
https://conda.anaconda.org/conda-forge/linux-64/brotli-python-1.1.0-py39h3d6467e_0.conda#8a1b6b1f5e230aaf6408d6b0aef3492f
https://conda.anaconda.org/conda-forge/noarch/certifi-2023.7.22-pyhd8ed1ab_0.conda#7f3dbc9179b4dde7da98dfb151d0ad22
https://conda.anaconda.org/conda-forge/noarch/charset-normalizer-3.2.0-pyhd8ed1ab_0.conda#313516e9a4b08b12dfb1e1cd390a96e3
https://conda.anaconda.org/conda-forge/noarch/click-8.1.7-unix_pyh707e725_0.conda#f3ad426304898027fc619827ff428eca
https://conda.anaconda.org/conda-forge/noarch/cloudpickle-2.2.1-pyhd8ed1ab_0.conda#b325bfc4cff7d7f8a868f1f7ecc4ed16
https://conda.anaconda.org/conda-forge/noarch/cycler-0.11.0-pyhd8ed1ab_0.tar.bz2#a50559fad0affdbb33729a68669ca1cb
https://conda.anaconda.org/conda-forge/noarch/filelock-3.12.4-pyhd8ed1ab_0.conda#5173d4b8267a0699a43d73231e0b6596
https://conda.anaconda.org/conda-forge/noarch/findlibs-0.0.5-pyhd8ed1ab_0.conda#8f325f63020af6f7acbe2c4cb4c920db
https://conda.anaconda.org/conda-forge/noarch/fsspec-2023.9.2-pyh1a96a4e_0.conda#9d15cd3a0e944594ab528da37dc72ecc
https://conda.anaconda.org/conda-forge/noarch/idna-3.4-pyhd8ed1ab_0.tar.bz2#34272b248891bddccc64479f9a7fffed
https://conda.anaconda.org/conda-forge/linux-64/kiwisolver-1.4.5-py39h7633fee_1.conda#c9f74d717e5a2847a9f8b779c54130f2
https://conda.anaconda.org/conda-forge/linux-64/lcms2-2.15-h7f713cb_2.conda#9ab79924a3760f85a799f21bc99bd655
https://conda.anaconda.org/conda-forge/linux-64/libblas-3.9.0-18_linux64_openblas.conda#bcddbb497582ece559465b9cd11042e7
https://conda.anaconda.org/conda-forge/linux-64/libcurl-8.3.0-hca28451_0.conda#4ab41bee09a2d2e08de5f09d6f1eef62
https://conda.anaconda.org/conda-forge/noarch/locket-1.0.0-pyhd8ed1ab_0.tar.bz2#91e27ef3d05cc772ce627e51cff111c4
https://conda.anaconda.org/conda-forge/linux-64/markupsafe-2.1.3-py39hd1e30aa_1.conda#ee2b4665b852ec6ff2758f3c1b91233d
https://conda.anaconda.org/conda-forge/noarch/mock-5.1.0-pyhd8ed1ab_0.conda#926c67c0310094cf421ad13f7d3f38e5
https://conda.anaconda.org/conda-forge/noarch/munkres-1.1.4-pyh9f0ad1d_0.tar.bz2#2ba8498c1018c1e9c61eb99b973dfe19
https://conda.anaconda.org/conda-forge/noarch/nose-1.3.7-py_1006.tar.bz2#382019d5f8e9362ef6f60a8d4e7bce8f
https://conda.anaconda.org/conda-forge/linux-64/openjpeg-2.5.0-h488ebb8_3.conda#128c25b7fe6a25286a48f3a6a9b5b6f3
https://conda.anaconda.org/conda-forge/noarch/packaging-23.1-pyhd8ed1ab_0.conda#91cda59e66e1e4afe9476f8ef98f5c30
https://conda.anaconda.org/conda-forge/noarch/pep8-1.7.1-py_0.tar.bz2#d0b5bc3aebbffcb175bf8a1d419acb79
https://conda.anaconda.org/conda-forge/noarch/pycparser-2.21-pyhd8ed1ab_0.tar.bz2#076becd9e05608f8dc72757d5f3a91ff
https://conda.anaconda.org/conda-forge/noarch/pyparsing-3.1.1-pyhd8ed1ab_0.conda#176f7d56f0cfe9008bdf1bccd7de02fb
https://conda.anaconda.org/conda-forge/noarch/pyshp-2.3.1-pyhd8ed1ab_0.tar.bz2#92a889dc236a5197612bc85bee6d7174
https://conda.anaconda.org/conda-forge/noarch/pysocks-1.7.1-pyha2e5f31_6.tar.bz2#2a7de29fb590ca14b5243c4c812c8025
https://conda.anaconda.org/conda-forge/linux-64/python-xxhash-3.3.0-py39hd1e30aa_1.conda#6295f6164ced8634e3d95cd5d08ad95d
https://conda.anaconda.org/conda-forge/linux-64/pyyaml-6.0.1-py39hd1e30aa_1.conda#37218233bcdc310e4fde6453bc1b40d8
https://conda.anaconda.org/conda-forge/noarch/setuptools-68.2.2-pyhd8ed1ab_0.conda#fc2166155db840c634a1291a5c35a709
https://conda.anaconda.org/conda-forge/noarch/six-1.16.0-pyh6c4a22f_0.tar.bz2#e5f25f8dbc060e9a8d912e432202afc2
https://conda.anaconda.org/conda-forge/noarch/toolz-0.12.0-pyhd8ed1ab_0.tar.bz2#92facfec94bc02d6ccf42e7173831a36
https://conda.anaconda.org/conda-forge/linux-64/unicodedata2-15.0.0-py39hd1e30aa_1.conda#7c7ab84210a972d9efe49655802e904c
https://conda.anaconda.org/conda-forge/noarch/wheel-0.41.2-pyhd8ed1ab_0.conda#1ccd092478b3e0ee10d7a891adbf8a4f
https://conda.anaconda.org/conda-forge/linux-64/xorg-libxext-1.3.4-h0b41bf4_2.conda#82b6df12252e6f32402b96dacc656fec
https://conda.anaconda.org/conda-forge/linux-64/xorg-libxfixes-5.0.3-h7f98852_1004.tar.bz2#e9a21aa4d5e3e5f1aed71e8cefd46b6a
https://conda.anaconda.org/conda-forge/noarch/zipp-3.17.0-pyhd8ed1ab_0.conda#2e4d6bc0b14e10f895fc6791a7d9b26a
https://conda.anaconda.org/conda-forge/linux-64/cffi-1.15.1-py39h7a31438_5.conda#a2271dc58a5291d18b42fa4d45d42218
https://conda.anaconda.org/conda-forge/linux-64/fonttools-4.42.1-py39hd1e30aa_0.conda#de06dc7edaddbd3b60c050f3a95d6fe6
https://conda.anaconda.org/conda-forge/linux-64/hdf5-1.14.2-nompi_h4f84152_100.conda#2de6a9bc8083b49f09b2f6eb28d3ba3c
https://conda.anaconda.org/conda-forge/noarch/importlib-metadata-6.8.0-pyha770c72_0.conda#4e9f59a060c3be52bc4ddc46ee9b6946
https://conda.anaconda.org/conda-forge/noarch/importlib_resources-6.1.0-pyhd8ed1ab_0.conda#48b0d98e0c0ec810d3ccc2a0926c8c0e
https://conda.anaconda.org/conda-forge/noarch/jinja2-3.1.2-pyhd8ed1ab_1.tar.bz2#c8490ed5c70966d232fdd389d0dbed37
https://conda.anaconda.org/conda-forge/linux-64/libcblas-3.9.0-18_linux64_openblas.conda#93dd9ab275ad888ed8113953769af78c
https://conda.anaconda.org/conda-forge/linux-64/libglu-9.0.0-hac7e632_1003.conda#50c389a09b6b7babaef531eb7cb5e0ca
https://conda.anaconda.org/conda-forge/linux-64/liblapack-3.9.0-18_linux64_openblas.conda#a1244707531e5b143c420c70573c8ec5
https://conda.anaconda.org/conda-forge/noarch/partd-1.4.0-pyhd8ed1ab_1.conda#6ceb4e000cbe0b56b290180aea8520e8
https://conda.anaconda.org/conda-forge/linux-64/pillow-10.0.1-py39h444a776_1.conda#52ad49ce520bec37ff0423b16c8bb052
https://conda.anaconda.org/conda-forge/noarch/pip-23.2.1-pyhd8ed1ab_0.conda#e2783aa3f9235225eec92f9081c5b801
https://conda.anaconda.org/conda-forge/linux-64/proj-9.3.0-h1d62c97_1.conda#900fd11ac61d4415d515583fcb570207
https://conda.anaconda.org/conda-forge/noarch/python-dateutil-2.8.2-pyhd8ed1ab_0.tar.bz2#dd999d1cc9f79e67dbb855c8924c7984
https://conda.anaconda.org/conda-forge/noarch/urllib3-2.0.5-pyhd8ed1ab_0.conda#3bda70bbeb2920f44db5375af2e5fe38
https://conda.anaconda.org/conda-forge/linux-64/xorg-libxi-1.7.10-h7f98852_0.tar.bz2#e77615e5141cad5a2acaa043d1cf0ca5
https://conda.anaconda.org/conda-forge/linux-64/freeglut-3.2.2-hac7e632_2.conda#6e553df297f6e64668efb54302e0f139
https://conda.anaconda.org/conda-forge/noarch/importlib-resources-6.1.0-pyhd8ed1ab_0.conda#6a62c2cc25376a0d050b3d1d221c3ee9
https://conda.anaconda.org/conda-forge/noarch/importlib_metadata-6.8.0-hd8ed1ab_0.conda#b279b07ce18058034e5b3606ba103a8b
https://conda.anaconda.org/conda-forge/linux-64/libnetcdf-4.9.2-nompi_h80fb2b6_112.conda#a19fa6cacf80c8a366572853d5890eb4
https://conda.anaconda.org/conda-forge/linux-64/numpy-1.26.0-py39h474f0d3_0.conda#62f1d2e05327bf62728afa448f2a9261
https://conda.anaconda.org/conda-forge/linux-64/pyproj-3.6.1-py39hce394fd_1.conda#b5188eeb7df815911a7c8db0fc16b89b
https://conda.anaconda.org/conda-forge/noarch/requests-2.31.0-pyhd8ed1ab_0.conda#a30144e4156cdbb236f99ebb49828f8b
https://conda.anaconda.org/conda-forge/linux-64/cftime-1.6.2-py39h2ae25f5_1.tar.bz2#c943fb9a2818ecc5be1e0ecc8b7738f1
https://conda.anaconda.org/conda-forge/linux-64/contourpy-1.1.1-py39h7633fee_0.conda#b673f03c191683996e66c881f90aff2b
https://conda.anaconda.org/conda-forge/noarch/dask-core-2023.9.2-pyhd8ed1ab_0.conda#cce7eeb7eda0124af186a5e9ce9b0fca
https://conda.anaconda.org/conda-forge/linux-64/jasper-4.0.0-h32699f2_1.conda#fdde5424ecef5f7ad310b4242229291c
https://conda.anaconda.org/conda-forge/linux-64/mo_pack-0.2.0-py39h2ae25f5_1008.tar.bz2#d90acb3804f16c63eb6726652e4e25b3
https://conda.anaconda.org/conda-forge/linux-64/scipy-1.11.2-py39h474f0d3_1.conda#f62409d868e23c1f97ae2b0db5658385
https://conda.anaconda.org/conda-forge/linux-64/shapely-2.0.1-py39h1bc45ef_2.conda#d79ed0ee1738151284ebd97092a6a210
https://conda.anaconda.org/conda-forge/linux-64/cf-units-3.2.0-py39h0f8d45d_0.conda#180d4312005bc93f257e2997a8ee41cb
https://conda.anaconda.org/conda-forge/linux-64/eccodes-2.31.0-h35c6de3_1.conda#22b243bd3c8aae15cb399178c4161faa
https://conda.anaconda.org/conda-forge/linux-64/matplotlib-base-3.8.0-py39he9076e7_1.conda#3337ebf55443f31a1148f3ca6f1d9673
https://conda.anaconda.org/conda-forge/linux-64/netcdf4-1.6.4-nompi_py39h4282601_102.conda#05390bd5ad0ddc2f719392d087673344
https://conda.anaconda.org/conda-forge/linux-64/cartopy-0.22.0-py39h40cae4c_0.conda#24b4bf92e26a46217e37e5928927116b
https://conda.anaconda.org/conda-forge/linux-64/python-eccodes-1.6.0-py39h44dd56e_1.conda#31245eac5106c3c37518d0f0e4f92419
https://conda.anaconda.org/conda-forge/noarch/iris-3.7.0-pyha770c72_0.conda#dccc1f660bf455c239adaabf56b91dc9
